
Microsoft Visual Studio Solution File, Format Version 12.00
# Visual Studio Version 16
VisualStudioVersion = 16.0.31605.320
MinimumVisualStudioVersion = 10.0.40219.1
Project("{FAE04EC0-301F-11D3-BF4B-00C04F79EFBC}") = "test-net-core", "test-net-core\test-net-core.csproj", "{7A09E889-77AA-42C6-9F3A-45E1E40CE7BA}"
EndProject
Global
	GlobalSection(SolutionConfigurationPlatforms) = preSolution
		Debug|Any CPU = Debug|Any CPU
		Release|Any CPU = Release|Any CPU
	EndGlobalSection
	GlobalSection(ProjectConfigurationPlatforms) = postSolution
		{7A09E889-77AA-42C6-9F3A-45E1E40CE7BA}.Debug|Any CPU.ActiveCfg = Debug|Any CPU
		{7A09E889-77AA-42C6-9F3A-45E1E40CE7BA}.Debug|Any CPU.Build.0 = Debug|Any CPU
		{7A09E889-77AA-42C6-9F3A-45E1E40CE7BA}.Release|Any CPU.ActiveCfg = Release|Any CPU
		{7A09E889-77AA-42C6-9F3A-45E1E40CE7BA}.Release|Any CPU.Build.0 = Release|Any CPU
	EndGlobalSection
	GlobalSection(SolutionProperties) = preSolution
		HideSolutionNode = FALSE
	EndGlobalSection
	GlobalSection(ExtensibilityGlobals) = postSolution
		SolutionGuid = {1255DB92-6BB4-4619-B4E8-17A5466E1E3B}
	EndGlobalSection
EndGlobal
